// !$*UTF8*$!
{
	archiveVersion = 1;
	classes = {
	};
	objectVersion = 50;
	objects = {

/* Begin PBXBuildFile section */
		53B47F0C220A9455006BA138 /* AppDelegate.swift in Sources */ = {isa = PBXBuildFile; fileRef = 53B47F0B220A9455006BA138 /* AppDelegate.swift */; };
		53B47F0E220A9455006BA138 /* ViewController.swift in Sources */ = {isa = PBXBuildFile; fileRef = 53B47F0D220A9455006BA138 /* ViewController.swift */; };
		53B47F11220A9455006BA138 /* Main.storyboard in Resources */ = {isa = PBXBuildFile; fileRef = 53B47F0F220A9455006BA138 /* Main.storyboard */; };
		53B47F13220A9457006BA138 /* Assets.xcassets in Resources */ = {isa = PBXBuildFile; fileRef = 53B47F12220A9457006BA138 /* Assets.xcassets */; };
		53B47F16220A9457006BA138 /* LaunchScreen.storyboard in Resources */ = {isa = PBXBuildFile; fileRef = 53B47F14220A9457006BA138 /* LaunchScreen.storyboard */; };
/* End PBXBuildFile section */

/* Begin PBXFileReference section */
		53B47F08220A9455006BA138 /* Appcoda-FoodPin-Swift4.2-Ios12.app */ = {isa = PBXFileReference; explicitFileType = wrapper.application; includeInIndex = 0; path = "Appcoda-FoodPin-Swift4.2-Ios12.app"; sourceTree = BUILT_PRODUCTS_DIR; };
		53B47F0B220A9455006BA138 /* AppDelegate.swift */ = {isa = PBXFileReference; lastKnownFileType = sourcecode.swift; path = AppDelegate.swift; sourceTree = "<group>"; };
		53B47F0D220A9455006BA138 /* ViewController.swift */ = {isa = PBXFileReference; lastKnownFileType = sourcecode.swift; path = ViewController.swift; sourceTree = "<group>"; };
		53B47F10220A9455006BA138 /* Base */ = {isa = PBXFileReference; lastKnownFileType = file.storyboard; name = Base; path = Base.lproj/Main.storyboard; sourceTree = "<group>"; };
		53B47F12220A9457006BA138 /* Assets.xcassets */ = {isa = PBXFileReference; lastKnownFileType = folder.assetcatalog; path = Assets.xcassets; sourceTree = "<group>"; };
		53B47F15220A9457006BA138 /* Base */ = {isa = PBXFileReference; lastKnownFileType = file.storyboard; name = Base; path = Base.lproj/LaunchScreen.storyboard; sourceTree = "<group>"; };
		53B47F17220A9457006BA138 /* Info.plist */ = {isa = PBXFileReference; lastKnownFileType = text.plist.xml; path = Info.plist; sourceTree = "<group>"; };
/* End PBXFileReference section */

/* Begin PBXFrameworksBuildPhase section */
		53B47F05220A9455006BA138 /* Frameworks */ = {
			isa = PBXFrameworksBuildPhase;
			buildActionMask = 2147483647;
			files = (
			);
			runOnlyForDeploymentPostprocessing = 0;
		};
/* End PBXFrameworksBuildPhase section */

/* Begin PBXGroup section */
		53B47EFF220A9455006BA138 = {
			isa = PBXGroup;
			children = (
				53B47F0A220A9455006BA138 /* Appcoda-FoodPin-Swift4.2-Ios12 */,
				53B47F09220A9455006BA138 /* Products */,
			);
			sourceTree = "<group>";
		};
		53B47F09220A9455006BA138 /* Products */ = {
			isa = PBXGroup;
			children = (
				53B47F08220A9455006BA138 /* Appcoda-FoodPin-Swift4.2-Ios12.app */,
			);
			name = Products;
			sourceTree = "<group>";
		};
		53B47F0A220A9455006BA138 /* Appcoda-FoodPin-Swift4.2-Ios12 */ = {
			isa = PBXGroup;
			children = (
				53B47F0B220A9455006BA138 /* AppDelegate.swift */,
				53B47F0D220A9455006BA138 /* ViewController.swift */,
				53B47F0F220A9455006BA138 /* Main.storyboard */,
				53B47F12220A9457006BA138 /* Assets.xcassets */,
				53B47F14220A9457006BA138 /* LaunchScreen.storyboard */,
				53B47F17220A9457006BA138 /* Info.plist */,
			);
			path = "Appcoda-FoodPin-Swift4.2-Ios12";
			sourceTree = "<group>";
		};
/* End PBXGroup section */

/* Begin PBXNativeTarget section */
		53B47F07220A9455006BA138 /* Appcoda-FoodPin-Swift4.2-Ios12 */ = {
			isa = PBXNativeTarget;
			buildConfigurationList = 53B47F1A220A9457006BA138 /* Build configuration list for PBXNativeTarget "Appcoda-FoodPin-Swift4.2-Ios12" */;
			buildPhases = (
				53B47F04220A9455006BA138 /* Sources */,
				53B47F05220A9455006BA138 /* Frameworks */,
				53B47F06220A9455006BA138 /* Resources */,
			);
			buildRules = (
			);
			dependencies = (
			);
			name = "Appcoda-FoodPin-Swift4.2-Ios12";
			productName = "Appcoda-FoodPin-Swift4.2-Ios12";
			productReference = 53B47F08220A9455006BA138 /* Appcoda-FoodPin-Swift4.2-Ios12.app */;
			productType = "com.apple.product-type.application";
		};
/* End PBXNativeTarget section */

/* Begin PBXProject section */
		53B47F00220A9455006BA138 /* Project object */ = {
			isa = PBXProject;
			attributes = {
				LastSwiftUpdateCheck = 1010;
				LastUpgradeCheck = 1010;
				ORGANIZATIONNAME = yuming;
				TargetAttributes = {
					53B47F07220A9455006BA138 = {
						CreatedOnToolsVersion = 10.1;
					};
				};
			};
			buildConfigurationList = 53B47F03220A9455006BA138 /* Build configuration list for PBXProject "Appcoda-FoodPin-Swift4.2-Ios12" */;
			compatibilityVersion = "Xcode 9.3";
			developmentRegion = en;
			hasScannedForEncodings = 0;
			knownRegions = (
				en,
				Base,
			);
			mainGroup = 53B47EFF220A9455006BA138;
			productRefGroup = 53B47F09220A9455006BA138 /* Products */;
			projectDirPath = "";
			projectRoot = "";
			targets = (
				53B47F07220A9455006BA138 /* Appcoda-FoodPin-Swift4.2-Ios12 */,
			);
		};
/* End PBXProject section */

/* Begin PBXResourcesBuildPhase section */
		53B47F06220A9455006BA138 /* Resources */ = {
			isa = PBXResourcesBuildPhase;
			buildActionMask = 2147483647;
			files = (
				53B47F16220A9457006BA138 /* LaunchScreen.storyboard in Resources */,
				53B47F13220A9457006BA138 /* Assets.xcassets in Resources */,
				53B47F11220A9455006BA138 /* Main.storyboard in Resources */,
			);
			runOnlyForDeploymentPostprocessing = 0;
		};
/* End PBXResourcesBuildPhase section */

/* Begin PBXSourcesBuildPhase section */
		53B47F04220A9455006BA138 /* Sources */ = {
			isa = PBXSourcesBuildPhase;
			buildActionMask = 2147483647;
			files = (
				53B47F0E220A9455006BA138 /* ViewController.swift in Sources */,
				53B47F0C220A9455006BA138 /* AppDelegate.swift in Sources */,
			);
			runOnlyForDeploymentPostprocessing = 0;
		};
/* End PBXSourcesBuildPhase section */

/* Begin PBXVariantGroup section */
		53B47F0F220A9455006BA138 /* Main.storyboard */ = {
			isa = PBXVariantGroup;
			children = (
				53B47F10220A9455006BA138 /* Base */,
			);
			name = Main.storyboard;
			sourceTree = "<group>";
		};
		53B47F14220A9457006BA138 /* LaunchScreen.storyboard */ = {
			isa = PBXVariantGroup;
			children = (
				53B47F15220A9457006BA138 /* Base */,
			);
			name = LaunchScreen.storyboard;
			sourceTree = "<group>";
		};
/* End PBXVariantGroup section */

/* Begin XCBuildConfiguration section */
		53B47F18220A9457006BA138 /* Debug */ = {
			isa = XCBuildConfiguration;
			buildSettings = {
				ALWAYS_SEARCH_USER_PATHS = NO;
				CLANG_ANALYZER_NONNULL = YES;
				CLANG_ANALYZER_NUMBER_OBJECT_CONVERSION = YES_AGGRESSIVE;
				CLANG_CXX_LANGUAGE_STANDARD = "gnu++14";
				CLANG_CXX_LIBRARY = "libc++";
				CLANG_ENABLE_MODULES = YES;
				CLANG_ENABLE_OBJC_ARC = YES;
				CLANG_ENABLE_OBJC_WEAK = YES;
				CLANG_WARN_BLOCK_CAPTURE_AUTORELEASING = YES;
				CLANG_WARN_BOOL_CONVERSION = YES;
				CLANG_WARN_COMMA = YES;
				CLANG_WARN_CONSTANT_CONVERSION = YES;
				CLANG_WARN_DEPRECATED_OBJC_IMPLEMENTATIONS = YES;
				CLANG_WARN_DIRECT_OBJC_ISA_USAGE = YES_ERROR;
				CLANG_WARN_DOCUMENTATION_COMMENTS = YES;
				CLANG_WARN_EMPTY_BODY = YES;
				CLANG_WARN_ENUM_CONVERSION = YES;
				CLANG_WARN_INFINITE_RECURSION = YES;
				CLANG_WARN_INT_CONVERSION = YES;
				CLANG_WARN_NON_LITERAL_NULL_CONVERSION = YES;
				CLANG_WARN_OBJC_IMPLICIT_RETAIN_SELF = YES;
				CLANG_WARN_OBJC_LITERAL_CONVERSION = YES;
				CLANG_WARN_OBJC_ROOT_CLASS = YES_ERROR;
				CLANG_WARN_RANGE_LOOP_ANALYSIS = YES;
				CLANG_WARN_STRICT_PROTOTYPES = YES;
				CLANG_WARN_SUSPICIOUS_MOVE = YES;
				CLANG_WARN_UNGUARDED_AVAILABILITY = YES_AGGRESSIVE;
				CLANG_WARN_UNREACHABLE_CODE = YES;
				CLANG_WARN__DUPLICATE_METHOD_MATCH = YES;
				CODE_SIGN_IDENTITY = "iPhone Developer";
				COPY_PHASE_STRIP = NO;
				DEBUG_INFORMATION_FORMAT = dwarf;
				ENABLE_STRICT_OBJC_MSGSEND = YES;
				ENABLE_TESTABILITY = YES;
				GCC_C_LANGUAGE_STANDARD = gnu11;
				GCC_DYNAMIC_NO_PIC = NO;
				GCC_NO_COMMON_BLOCKS = YES;
				GCC_OPTIMIZATION_LEVEL = 0;
				GCC_PREPROCESSOR_DEFINITIONS = (
					"DEBUG=1",
					"$(inherited)",
				);
				GCC_WARN_64_TO_32_BIT_CONVERSION = YES;
				GCC_WARN_ABOUT_RETURN_TYPE = YES_ERROR;
				GCC_WARN_UNDECLARED_SELECTOR = YES;
				GCC_WARN_UNINITIALIZED_AUTOS = YES_AGGRESSIVE;
				GCC_WARN_UNUSED_FUNCTION = YES;
				GCC_WARN_UNUSED_VARIABLE = YES;
				IPHONEOS_DEPLOYMENT_TARGET = 12.1;
				MTL_ENABLE_DEBUG_INFO = INCLUDE_SOURCE;
				MTL_FAST_MATH = YES;
				ONLY_ACTIVE_ARCH = YES;
				SDKROOT = iphoneos;
				SWIFT_ACTIVE_COMPILATION_CONDITIONS = DEBUG;
				SWIFT_OPTIMIZATION_LEVEL = "-Onone";
			};
			name = Debug;
		};
		53B47F19220A9457006BA138 /* Release */ = {
			isa = XCBuildConfiguration;
			buildSettings = {
				ALWAYS_SEARCH_USER_PATHS = NO;
				CLANG_ANALYZER_NONNULL = YES;
				CLANG_ANALYZER_NUMBER_OBJECT_CONVERSION = YES_AGGRESSIVE;
				CLANG_CXX_LANGUAGE_STANDARD = "gnu++14";
				CLANG_CXX_LIBRARY = "libc++";
				CLANG_ENABLE_MODULES = YES;
				CLANG_ENABLE_OBJC_ARC = YES;
				CLANG_ENABLE_OBJC_WEAK = YES;
				CLANG_WARN_BLOCK_CAPTURE_AUTORELEASING = YES;
				CLANG_WARN_BOOL_CONVERSION = YES;
				CLANG_WARN_COMMA = YES;
				CLANG_WARN_CONSTANT_CONVERSION = YES;
				CLANG_WARN_DEPRECATED_OBJC_IMPLEMENTATIONS = YES;
				CLANG_WARN_DIRECT_OBJC_ISA_USAGE = YES_ERROR;
				CLANG_WARN_DOCUMENTATION_COMMENTS = YES;
				CLANG_WARN_EMPTY_BODY = YES;
				CLANG_WARN_ENUM_CONVERSION = YES;
				CLANG_WARN_INFINITE_RECURSION = YES;
				CLANG_WARN_INT_CONVERSION = YES;
				CLANG_WARN_NON_LITERAL_NULL_CONVERSION = YES;
				CLANG_WARN_OBJC_IMPLICIT_RETAIN_SELF = YES;
				CLANG_WARN_OBJC_LITERAL_CONVERSION = YES;
				CLANG_WARN_OBJC_ROOT_CLASS = YES_ERROR;
				CLANG_WARN_RANGE_LOOP_ANALYSIS = YES;
				CLANG_WARN_STRICT_PROTOTYPES = YES;
				CLANG_WARN_SUSPICIOUS_MOVE = YES;
				CLANG_WARN_UNGUARDED_AVAILABILITY = YES_AGGRESSIVE;
				CLANG_WARN_UNREACHABLE_CODE = YES;
				CLANG_WARN__DUPLICATE_METHOD_MATCH = YES;
				CODE_SIGN_IDENTITY = "iPhone Developer";
				COPY_PHASE_STRIP = NO;
				DEBUG_INFORMATION_FORMAT = "dwarf-with-dsym";
				ENABLE_NS_ASSERTIONS = NO;
				ENABLE_STRICT_OBJC_MSGSEND = YES;
				GCC_C_LANGUAGE_STANDARD = gnu11;
				GCC_NO_COMMON_BLOCKS = YES;
				GCC_WARN_64_TO_32_BIT_CONVERSION = YES;
				GCC_WARN_ABOUT_RETURN_TYPE = YES_ERROR;
				GCC_WARN_UNDECLARED_SELECTOR = YES;
				GCC_WARN_UNINITIALIZED_AUTOS = YES_AGGRESSIVE;
				GCC_WARN_UNUSED_FUNCTION = YES;
				GCC_WARN_UNUSED_VARIABLE = YES;
				IPHONEOS_DEPLOYMENT_TARGET = 12.1;
				MTL_ENABLE_DEBUG_INFO = NO;
				MTL_FAST_MATH = YES;
				SDKROOT = iphoneos;
				SWIFT_COMPILATION_MODE = wholemodule;
				SWIFT_OPTIMIZATION_LEVEL = "-O";
				VALIDATE_PRODUCT = YES;
			};
			name = Release;
		};
		53B47F1B220A9457006BA138 /* Debug */ = {
			isa = XCBuildConfiguration;
			buildSettings = {
				ASSETCATALOG_COMPILER_APPICON_NAME = AppIcon;
				CODE_SIGN_STYLE = Automatic;
				DEVELOPMENT_TEAM = 6X5J69Q9BS;
				INFOPLIST_FILE = "Appcoda-FoodPin-Swift4.2-Ios12/Info.plist";
				LD_RUNPATH_SEARCH_PATHS = (
					"$(inherited)",
					"@executable_path/Frameworks",
				);
				PRODUCT_BUNDLE_IDENTIFIER = "com.Jimmy.Appcoda-FoodPin-Swift4-2-Ios12";
				PRODUCT_NAME = "$(TARGET_NAME)";
				SWIFT_VERSION = 4.2;
				TARGETED_DEVICE_FAMILY = "1,2";
			};
			name = Debug;
		};
		53B47F1C220A9457006BA138 /* Release */ = {
			isa = XCBuildConfiguration;
			buildSettings = {
				ASSETCATALOG_COMPILER_APPICON_NAME = AppIcon;
				CODE_SIGN_STYLE = Automatic;
				DEVELOPMENT_TEAM = 6X5J69Q9BS;
				INFOPLIST_FILE = "Appcoda-FoodPin-Swift4.2-Ios12/Info.plist";
				LD_RUNPATH_SEARCH_PATHS = (
					"$(inherited)",
					"@executable_path/Frameworks",
				);
				PRODUCT_BUNDLE_IDENTIFIER = "com.Jimmy.Appcoda-FoodPin-Swift4-2-Ios12";
				PRODUCT_NAME = "$(TARGET_NAME)";
				SWIFT_VERSION = 4.2;
				TARGETED_DEVICE_FAMILY = "1,2";
			};
			name = Release;
		};
/* End XCBuildConfiguration section */

/* Begin XCConfigurationList section */
		53B47F03220A9455006BA138 /* Build configuration list for PBXProject "Appcoda-FoodPin-Swift4.2-Ios12" */ = {
			isa = XCConfigurationList;
			buildConfigurations = (
				53B47F18220A9457006BA138 /* Debug */,
				53B47F19220A9457006BA138 /* Release */,
			);
			defaultConfigurationIsVisible = 0;
			defaultConfigurationName = Release;
		};
		53B47F1A220A9457006BA138 /* Build configuration list for PBXNativeTarget "Appcoda-FoodPin-Swift4.2-Ios12" */ = {
			isa = XCConfigurationList;
			buildConfigurations = (
				53B47F1B220A9457006BA138 /* Debug */,
				53B47F1C220A9457006BA138 /* Release */,
			);
			defaultConfigurationIsVisible = 0;
			defaultConfigurationName = Release;
		};
/* End XCConfigurationList section */
	};
	rootObject = 53B47F00220A9455006BA138 /* Project object */;
}
